
Microsoft Visual Studio Solution File, Format Version 11.00
# Visual Studio 2010
Project("{2150E333-8FDC-42A3-9474-1A3956D46DE8}") = "Documents", "Documents", "{F1662BE0-5B73-47D4-9F5B-C39DEA2EE94F}"
	ProjectSection(SolutionItems) = preProject
		Documents\10-08会议记录.docx = Documents\10-08会议记录.docx
		Documents\BugList.xls = Documents\BugList.xls
		Documents\C++, .NET 编码规范.docx = Documents\C++, .NET 编码规范.docx
		Documents\ClearScript.sql = Documents\ClearScript.sql
		Documents\CreateScript.sql = Documents\CreateScript.sql
		Documents\CurrentSession的使用说明.doc = Documents\CurrentSession的使用说明.doc
		Documents\DataDictionary.xls = Documents\DataDictionary.xls
		Documents\HTML输入框控件.txt = Documents\HTML输入框控件.txt
		Documents\LINQ to SQL语法.doc = Documents\LINQ to SQL语法.doc
		Documents\ProjectReadme.txt = Documents\ProjectReadme.txt
		Documents\System Feature.doc = Documents\System Feature.doc
		Documents\treeObject使用说明.docx = Documents\treeObject使用说明.docx
		Documents\VPN配置.doc = Documents\VPN配置.doc
		Documents\ZhuchaoData.7z = Documents\ZhuchaoData.7z
		Documents\会议记录-09-29.docx = Documents\会议记录-09-29.docx
		Documents\初始数据.xls = Documents\初始数据.xls
		Documents\功能规划大纲.doc = Documents\功能规划大纲.doc
		Documents\图片处理逻辑.txt = Documents\图片处理逻辑.txt
		Documents\多语言资源输入控件说明.txt = Documents\多语言资源输入控件说明.txt
		Documents\弹出窗口调用说明.txt = Documents\弹出窗口调用说明.txt
		Documents\数据库更新脚本.sql = Documents\数据库更新脚本.sql
		Documents\日志事件使用说明.txt = Documents\日志事件使用说明.txt
		Documents\时间与时区问题.txt = Documents\时间与时区问题.txt
		Documents\权限使用说明.txt = Documents\权限使用说明.txt
		Documents\枚举类型的使用方法.txt = Documents\枚举类型的使用方法.txt
		Documents\流程与UI设计.vsd = Documents\流程与UI设计.vsd
		Documents\筑巢Stage详细设计.doc = Documents\筑巢Stage详细设计.doc
		Documents\网站联盟方案.xls = Documents\网站联盟方案.xls
		Documents\菜单功能简介.doc = Documents\菜单功能简介.doc
		Documents\订单图V0.2.vsd = Documents\订单图V0.2.vsd
	EndProjectSection
EndProject
Project("{2150E333-8FDC-42A3-9474-1A3956D46DE8}") = "Library", "Library", "{DEA13E54-C50F-46F2-8DB4-95FE246E027C}"
EndProject
Project("{2150E333-8FDC-42A3-9474-1A3956D46DE8}") = "Portal", "Portal", "{009D2900-E215-411C-9E94-06CB7156DF2F}"
EndProject
Project("{2150E333-8FDC-42A3-9474-1A3956D46DE8}") = "Stage", "Stage", "{05A29E1B-AED6-4293-94DB-389518C4753F}"
EndProject
Project("{2150E333-8FDC-42A3-9474-1A3956D46DE8}") = "Tools", "Tools", "{EF5CFC52-6C87-44DD-B8D9-0780242D20E2}"
EndProject
Project("{FAE04EC0-301F-11D3-BF4B-00C04F79EFBC}") = "LiveAzure.Models", "Library\LiveAzure.Models\LiveAzure.Models.csproj", "{CE38881A-6DA3-42BD-A336-488761B6747E}"
EndProject
Project("{FAE04EC0-301F-11D3-BF4B-00C04F79EFBC}") = "LiveAzure.Utility", "Library\LiveAzure.Utility\LiveAzure.Utility.csproj", "{0C6E60FD-A7DD-491A-8309-01D373E0B07C}"
EndProject
Project("{FAE04EC0-301F-11D3-BF4B-00C04F79EFBC}") = "LiveAzure.Tools.Encrypt", "Tools\LiveAzure.Tools.Encrypt\LiveAzure.Tools.Encrypt.csproj", "{0A456FC1-AC2B-4BFE-935B-4011F8C33CA1}"
EndProject
Project("{FAE04EC0-301F-11D3-BF4B-00C04F79EFBC}") = "LiveAzure.Tools.Message", "Tools\LiveAzure.Tools.Message\LiveAzure.Tools.Message.csproj", "{2465B86B-E61F-42ED-A499-509E7DB242E7}"
EndProject
Project("{FAE04EC0-301F-11D3-BF4B-00C04F79EFBC}") = "LiveAzure.Tools.MySqlUtil", "Tools\LiveAzure.Tools.MySqlUtil\LiveAzure.Tools.MySqlUtil.csproj", "{15F58DE0-C47D-4C37-A031-B686818D2A96}"
EndProject
Project("{FAE04EC0-301F-11D3-BF4B-00C04F79EFBC}") = "LiveAzure.Tools.Prompt", "Tools\LiveAzure.Tools.Prompt\LiveAzure.Tools.Prompt.csproj", "{95D292F0-CDDA-40E9-B70A-CAEBA91FD70A}"
EndProject
Project("{FAE04EC0-301F-11D3-BF4B-00C04F79EFBC}") = "LiveAzure.BLL", "Library\LiveAzure.BLL\LiveAzure.BLL.csproj", "{939DE2FA-7F49-468A-81BA-3B149972574E}"
EndProject
Project("{FAE04EC0-301F-11D3-BF4B-00C04F79EFBC}") = "LiveAzure.Resource", "Library\LiveAzure.Resource\LiveAzure.Resource.csproj", "{B2DD90AD-939C-434D-A2D1-989BCBD87BBF}"
EndProject
Project("{FAE04EC0-301F-11D3-BF4B-00C04F79EFBC}") = "JqForMvcTest_tianyou", "Tools\JqForMvcTest_tianyou\JqForMvcTest_tianyou.csproj", "{EC9DC892-F67C-465F-9EA3-9AB23A1A6D57}"
EndProject
Project("{FAE04EC0-301F-11D3-BF4B-00C04F79EFBC}") = "LiveAzure.Stage", "Stage\LiveAzure.Stage\LiveAzure.Stage.csproj", "{1D467082-7C20-4373-843F-8A2D5CDB5264}"
EndProject
Project("{FAE04EC0-301F-11D3-BF4B-00C04F79EFBC}") = "TreeTools_lumin", "Tools\TreeTools_lumin\TreeTools_lumin.csproj", "{4CC83CAC-B235-4723-81D6-39C3BCEDC77B}"
EndProject
Project("{FAE04EC0-301F-11D3-BF4B-00C04F79EFBC}") = "LiveTest.Bojian", "Tools\LiveTest.Bojian\LiveTest.Bojian.csproj", "{D6AFBF9A-96E0-4C50-BE40-41B7BD7B8330}"
EndProject
Project("{FAE04EC0-301F-11D3-BF4B-00C04F79EFBC}") = "Tree_fenghuang", "Tools\Tree_fenghuang\Tree_fenghuang.csproj", "{6ED3B647-D3E7-4A3B-AC9D-78C5D6A901DF}"
EndProject
Project("{FAE04EC0-301F-11D3-BF4B-00C04F79EFBC}") = "MyWorkplace_tiangang", "Tools\MyWorkplace_tiangang\MyWorkplace_tiangang.csproj", "{B652DD94-12A9-420D-8C0F-AA01A3143A46}"
EndProject
Project("{FAE04EC0-301F-11D3-BF4B-00C04F79EFBC}") = "MVC.Controls", "Library\MVC.Controls\MVC.Controls.csproj", "{1ADB25C4-9475-4B7D-B016-EBBB66403215}"
EndProject
Project("{2150E333-8FDC-42A3-9474-1A3956D46DE8}") = "Service", "Service", "{83A1FABA-5EF1-43D0-8D82-0ECEA532D74A}"
EndProject
Project("{FAE04EC0-301F-11D3-BF4B-00C04F79EFBC}") = "LiveAzure.Controls", "Library\LiveAzure.Controls\LiveAzure.Controls.csproj", "{A52B5C01-3629-451B-A1D4-6F52A2C4C57D}"
EndProject
Project("{FAE04EC0-301F-11D3-BF4B-00C04F79EFBC}") = "LiveTest.Prompt", "Tools\LiveTest.Prompt\LiveTest.Prompt.csproj", "{321BCD24-4C69-4A53-98E4-88A980A77323}"
EndProject
Project("{FAE04EC0-301F-11D3-BF4B-00C04F79EFBC}") = "LiveAzure.Portal", "Portal\LiveAzure.Portal\LiveAzure.Portal.csproj", "{CCF8A462-2362-4A02-BAEE-5D58D5F018E4}"
EndProject
Project("{FAE04EC0-301F-11D3-BF4B-00C04F79EFBC}") = "LiveAzure.Daemon", "Service\LiveAzure.Daemon\LiveAzure.Daemon.csproj", "{4080519D-71D5-4F40-9ED4-5AA853627E42}"
EndProject
Global
	GlobalSection(TeamFoundationVersionControl) = preSolution
		SccNumberOfProjects = 20
		SccEnterpriseProvider = {4CA58AB2-18FA-4F8D-95D4-32DDF27D184C}
		SccTeamFoundationServer = http://192.168.0.10:8080/tfs/defaultcollection
		SccLocalPath0 = .
		SccProjectUniqueName1 = Library\\LiveAzure.Models\\LiveAzure.Models.csproj
		SccProjectTopLevelParentUniqueName1 = LiveAzure.sln
		SccProjectName1 = Library/LiveAzure.Models
		SccLocalPath1 = Library\\LiveAzure.Models
		SccProjectUniqueName2 = Library\\LiveAzure.Utility\\LiveAzure.Utility.csproj
		SccProjectTopLevelParentUniqueName2 = LiveAzure.sln
		SccProjectName2 = Library/LiveAzure.Utility
		SccLocalPath2 = Library\\LiveAzure.Utility
		SccProjectUniqueName3 = Tools\\LiveAzure.Tools.Encrypt\\LiveAzure.Tools.Encrypt.csproj
		SccProjectTopLevelParentUniqueName3 = LiveAzure.sln
		SccProjectName3 = Tools/LiveAzure.Tools.Encrypt
		SccLocalPath3 = Tools\\LiveAzure.Tools.Encrypt
		SccProjectUniqueName4 = Tools\\LiveAzure.Tools.Message\\LiveAzure.Tools.Message.csproj
		SccProjectTopLevelParentUniqueName4 = LiveAzure.sln
		SccProjectName4 = Tools/LiveAzure.Tools.Message
		SccLocalPath4 = Tools\\LiveAzure.Tools.Message
		SccProjectUniqueName5 = Tools\\LiveAzure.Tools.MySqlUtil\\LiveAzure.Tools.MySqlUtil.csproj
		SccProjectTopLevelParentUniqueName5 = LiveAzure.sln
		SccProjectName5 = Tools/LiveAzure.Tools.MySqlUtil
		SccLocalPath5 = Tools\\LiveAzure.Tools.MySqlUtil
		SccProjectUniqueName6 = Tools\\LiveAzure.Tools.Prompt\\LiveAzure.Tools.Prompt.csproj
		SccProjectTopLevelParentUniqueName6 = LiveAzure.sln
		SccProjectName6 = Tools/LiveAzure.Tools.Prompt
		SccLocalPath6 = Tools\\LiveAzure.Tools.Prompt
		SccProjectUniqueName7 = Library\\LiveAzure.BLL\\LiveAzure.BLL.csproj
		SccProjectTopLevelParentUniqueName7 = LiveAzure.sln
		SccProjectName7 = Library/LiveAzure.BLL
		SccLocalPath7 = Library\\LiveAzure.BLL
		SccProjectUniqueName8 = Library\\LiveAzure.Resource\\LiveAzure.Resource.csproj
		SccProjectTopLevelParentUniqueName8 = LiveAzure.sln
		SccProjectName8 = Library/LiveAzure.Resource
		SccLocalPath8 = Library\\LiveAzure.Resource
		SccProjectUniqueName9 = Tools\\JqForMvcTest_tianyou\\JqForMvcTest_tianyou.csproj
		SccProjectTopLevelParentUniqueName9 = LiveAzure.sln
		SccProjectName9 = Tools/JqForMvcTest_tianyou
		SccLocalPath9 = Tools\\JqForMvcTest_tianyou
		SccProjectUniqueName10 = Stage\\LiveAzure.Stage\\LiveAzure.Stage.csproj
		SccProjectTopLevelParentUniqueName10 = LiveAzure.sln
		SccProjectName10 = Stage/LiveAzure.Stage
		SccLocalPath10 = Stage\\LiveAzure.Stage
		SccProjectUniqueName11 = Tools\\TreeTools_lumin\\TreeTools_lumin.csproj
		SccProjectTopLevelParentUniqueName11 = LiveAzure.sln
		SccProjectName11 = Tools/TreeTools_lumin
		SccLocalPath11 = Tools\\TreeTools_lumin
		SccProjectUniqueName12 = Tools\\LiveTest.Bojian\\LiveTest.Bojian.csproj
		SccProjectTopLevelParentUniqueName12 = LiveAzure.sln
		SccProjectName12 = Tools/LiveTest.Bojian
		SccLocalPath12 = Tools\\LiveTest.Bojian
		SccProjectUniqueName13 = Tools\\Tree_fenghuang\\Tree_fenghuang.csproj
		SccProjectTopLevelParentUniqueName13 = LiveAzure.sln
		SccProjectName13 = Tools/Tree_fenghuang
		SccLocalPath13 = Tools\\Tree_fenghuang
		SccProjectUniqueName14 = Tools\\MyWorkplace_tiangang\\MyWorkplace_tiangang.csproj
		SccProjectTopLevelParentUniqueName14 = LiveAzure.sln
		SccProjectName14 = Tools/MyWorkplace_tiangang
		SccLocalPath14 = Tools\\MyWorkplace_tiangang
		SccProjectUniqueName15 = Library\\MVC.Controls\\MVC.Controls.csproj
		SccProjectTopLevelParentUniqueName15 = LiveAzure.sln
		SccProjectName15 = Library/MVC.Controls
		SccLocalPath15 = Library\\MVC.Controls
		SccProjectUniqueName16 = Library\\LiveAzure.Controls\\LiveAzure.Controls.csproj
		SccProjectTopLevelParentUniqueName16 = LiveAzure.sln
		SccProjectName16 = Library/LiveAzure.Controls
		SccLocalPath16 = Library\\LiveAzure.Controls
		SccProjectUniqueName17 = Tools\\LiveTest.Prompt\\LiveTest.Prompt.csproj
		SccProjectTopLevelParentUniqueName17 = LiveAzure.sln
		SccProjectName17 = Tools/LiveTest.Prompt
		SccLocalPath17 = Tools\\LiveTest.Prompt
		SccProjectUniqueName18 = Portal\\LiveAzure.Portal\\LiveAzure.Portal.csproj
		SccProjectTopLevelParentUniqueName18 = LiveAzure.sln
		SccProjectName18 = Portal/LiveAzure.Portal
		SccLocalPath18 = Portal\\LiveAzure.Portal
		SccProjectUniqueName19 = Service\\LiveAzure.Daemon\\LiveAzure.Daemon.csproj
		SccProjectTopLevelParentUniqueName19 = LiveAzure.sln
		SccProjectName19 = Service/LiveAzure.Daemon
		SccLocalPath19 = Service\\LiveAzure.Daemon
	EndGlobalSection
	GlobalSection(SolutionConfigurationPlatforms) = preSolution
		Debug|Any CPU = Debug|Any CPU
		Debug|Mixed Platforms = Debug|Mixed Platforms
		Debug|x64 = Debug|x64
		Debug|x86 = Debug|x86
		Release|Any CPU = Release|Any CPU
		Release|Mixed Platforms = Release|Mixed Platforms
		Release|x64 = Release|x64
		Release|x86 = Release|x86
	EndGlobalSection
	GlobalSection(ProjectConfigurationPlatforms) = postSolution
		{CE38881A-6DA3-42BD-A336-488761B6747E}.Debug|Any CPU.ActiveCfg = Debug|Any CPU
		{CE38881A-6DA3-42BD-A336-488761B6747E}.Debug|Any CPU.Build.0 = Debug|Any CPU
		{CE38881A-6DA3-42BD-A336-488761B6747E}.Debug|Mixed Platforms.ActiveCfg = Debug|Any CPU
		{CE38881A-6DA3-42BD-A336-488761B6747E}.Debug|Mixed Platforms.Build.0 = Debug|Any CPU
		{CE38881A-6DA3-42BD-A336-488761B6747E}.Debug|x64.ActiveCfg = Debug|x64
		{CE38881A-6DA3-42BD-A336-488761B6747E}.Debug|x64.Build.0 = Debug|x64
		{CE38881A-6DA3-42BD-A336-488761B6747E}.Debug|x86.ActiveCfg = Debug|x64
		{CE38881A-6DA3-42BD-A336-488761B6747E}.Release|Any CPU.ActiveCfg = Release|Any CPU
		{CE38881A-6DA3-42BD-A336-488761B6747E}.Release|Any CPU.Build.0 = Release|Any CPU
		{CE38881A-6DA3-42BD-A336-488761B6747E}.Release|Mixed Platforms.ActiveCfg = Release|x64
		{CE38881A-6DA3-42BD-A336-488761B6747E}.Release|Mixed Platforms.Build.0 = Release|x64
		{CE38881A-6DA3-42BD-A336-488761B6747E}.Release|x64.ActiveCfg = Release|x64
		{CE38881A-6DA3-42BD-A336-488761B6747E}.Release|x64.Build.0 = Release|x64
		{CE38881A-6DA3-42BD-A336-488761B6747E}.Release|x86.ActiveCfg = Release|x64
		{0C6E60FD-A7DD-491A-8309-01D373E0B07C}.Debug|Any CPU.ActiveCfg = Debug|Any CPU
		{0C6E60FD-A7DD-491A-8309-01D373E0B07C}.Debug|Any CPU.Build.0 = Debug|Any CPU
		{0C6E60FD-A7DD-491A-8309-01D373E0B07C}.Debug|Mixed Platforms.ActiveCfg = Debug|Any CPU
		{0C6E60FD-A7DD-491A-8309-01D373E0B07C}.Debug|Mixed Platforms.Build.0 = Debug|Any CPU
		{0C6E60FD-A7DD-491A-8309-01D373E0B07C}.Debug|x64.ActiveCfg = Debug|Any CPU
		{0C6E60FD-A7DD-491A-8309-01D373E0B07C}.Debug|x86.ActiveCfg = Debug|Any CPU
		{0C6E60FD-A7DD-491A-8309-01D373E0B07C}.Release|Any CPU.ActiveCfg = Release|Any CPU
		{0C6E60FD-A7DD-491A-8309-01D373E0B07C}.Release|Any CPU.Build.0 = Release|Any CPU
		{0C6E60FD-A7DD-491A-8309-01D373E0B07C}.Release|Mixed Platforms.ActiveCfg = Release|Any CPU
		{0C6E60FD-A7DD-491A-8309-01D373E0B07C}.Release|Mixed Platforms.Build.0 = Release|Any CPU
		{0C6E60FD-A7DD-491A-8309-01D373E0B07C}.Release|x64.ActiveCfg = Release|Any CPU
		{0C6E60FD-A7DD-491A-8309-01D373E0B07C}.Release|x86.ActiveCfg = Release|Any CPU
		{0A456FC1-AC2B-4BFE-935B-4011F8C33CA1}.Debug|Any CPU.ActiveCfg = Debug|x86
		{0A456FC1-AC2B-4BFE-935B-4011F8C33CA1}.Debug|Mixed Platforms.ActiveCfg = Debug|x86
		{0A456FC1-AC2B-4BFE-935B-4011F8C33CA1}.Debug|Mixed Platforms.Build.0 = Debug|x86
		{0A456FC1-AC2B-4BFE-935B-4011F8C33CA1}.Debug|x64.ActiveCfg = Debug|x86
		{0A456FC1-AC2B-4BFE-935B-4011F8C33CA1}.Debug|x86.ActiveCfg = Debug|x86
		{0A456FC1-AC2B-4BFE-935B-4011F8C33CA1}.Debug|x86.Build.0 = Debug|x86
		{0A456FC1-AC2B-4BFE-935B-4011F8C33CA1}.Release|Any CPU.ActiveCfg = Release|x86
		{0A456FC1-AC2B-4BFE-935B-4011F8C33CA1}.Release|Mixed Platforms.ActiveCfg = Release|x86
		{0A456FC1-AC2B-4BFE-935B-4011F8C33CA1}.Release|Mixed Platforms.Build.0 = Release|x86
		{0A456FC1-AC2B-4BFE-935B-4011F8C33CA1}.Release|x64.ActiveCfg = Release|x86
		{0A456FC1-AC2B-4BFE-935B-4011F8C33CA1}.Release|x86.ActiveCfg = Release|x86
		{0A456FC1-AC2B-4BFE-935B-4011F8C33CA1}.Release|x86.Build.0 = Release|x86
		{2465B86B-E61F-42ED-A499-509E7DB242E7}.Debug|Any CPU.ActiveCfg = Debug|x86
		{2465B86B-E61F-42ED-A499-509E7DB242E7}.Debug|Mixed Platforms.ActiveCfg = Debug|x86
		{2465B86B-E61F-42ED-A499-509E7DB242E7}.Debug|Mixed Platforms.Build.0 = Debug|x86
		{2465B86B-E61F-42ED-A499-509E7DB242E7}.Debug|x64.ActiveCfg = Debug|x86
		{2465B86B-E61F-42ED-A499-509E7DB242E7}.Debug|x86.ActiveCfg = Debug|x86
		{2465B86B-E61F-42ED-A499-509E7DB242E7}.Debug|x86.Build.0 = Debug|x86
		{2465B86B-E61F-42ED-A499-509E7DB242E7}.Release|Any CPU.ActiveCfg = Release|x86
		{2465B86B-E61F-42ED-A499-509E7DB242E7}.Release|Mixed Platforms.ActiveCfg = Release|x86
		{2465B86B-E61F-42ED-A499-509E7DB242E7}.Release|Mixed Platforms.Build.0 = Release|x86
		{2465B86B-E61F-42ED-A499-509E7DB242E7}.Release|x64.ActiveCfg = Release|x86
		{2465B86B-E61F-42ED-A499-509E7DB242E7}.Release|x86.ActiveCfg = Release|x86
		{2465B86B-E61F-42ED-A499-509E7DB242E7}.Release|x86.Build.0 = Release|x86
		{15F58DE0-C47D-4C37-A031-B686818D2A96}.Debug|Any CPU.ActiveCfg = Debug|x86
		{15F58DE0-C47D-4C37-A031-B686818D2A96}.Debug|Mixed Platforms.ActiveCfg = Debug|x86
		{15F58DE0-C47D-4C37-A031-B686818D2A96}.Debug|Mixed Platforms.Build.0 = Debug|x86
		{15F58DE0-C47D-4C37-A031-B686818D2A96}.Debug|x64.ActiveCfg = Debug|x86
		{15F58DE0-C47D-4C37-A031-B686818D2A96}.Debug|x86.ActiveCfg = Debug|x86
		{15F58DE0-C47D-4C37-A031-B686818D2A96}.Debug|x86.Build.0 = Debug|x86
		{15F58DE0-C47D-4C37-A031-B686818D2A96}.Release|Any CPU.ActiveCfg = Release|x86
		{15F58DE0-C47D-4C37-A031-B686818D2A96}.Release|Mixed Platforms.ActiveCfg = Release|x86
		{15F58DE0-C47D-4C37-A031-B686818D2A96}.Release|Mixed Platforms.Build.0 = Release|x86
		{15F58DE0-C47D-4C37-A031-B686818D2A96}.Release|x64.ActiveCfg = Release|x86
		{15F58DE0-C47D-4C37-A031-B686818D2A96}.Release|x86.ActiveCfg = Release|x86
		{15F58DE0-C47D-4C37-A031-B686818D2A96}.Release|x86.Build.0 = Release|x86
		{95D292F0-CDDA-40E9-B70A-CAEBA91FD70A}.Debug|Any CPU.ActiveCfg = Debug|x86
		{95D292F0-CDDA-40E9-B70A-CAEBA91FD70A}.Debug|Mixed Platforms.ActiveCfg = Debug|x86
		{95D292F0-CDDA-40E9-B70A-CAEBA91FD70A}.Debug|Mixed Platforms.Build.0 = Debug|x86
		{95D292F0-CDDA-40E9-B70A-CAEBA91FD70A}.Debug|x64.ActiveCfg = Debug|x86
		{95D292F0-CDDA-40E9-B70A-CAEBA91FD70A}.Debug|x86.ActiveCfg = Debug|x86
		{95D292F0-CDDA-40E9-B70A-CAEBA91FD70A}.Debug|x86.Build.0 = Debug|x86
		{95D292F0-CDDA-40E9-B70A-CAEBA91FD70A}.Release|Any CPU.ActiveCfg = Release|x86
		{95D292F0-CDDA-40E9-B70A-CAEBA91FD70A}.Release|Mixed Platforms.ActiveCfg = Release|x86
		{95D292F0-CDDA-40E9-B70A-CAEBA91FD70A}.Release|Mixed Platforms.Build.0 = Release|x86
		{95D292F0-CDDA-40E9-B70A-CAEBA91FD70A}.Release|x64.ActiveCfg = Release|x86
		{95D292F0-CDDA-40E9-B70A-CAEBA91FD70A}.Release|x86.ActiveCfg = Release|x86
		{95D292F0-CDDA-40E9-B70A-CAEBA91FD70A}.Release|x86.Build.0 = Release|x86
		{939DE2FA-7F49-468A-81BA-3B149972574E}.Debug|Any CPU.ActiveCfg = Debug|Any CPU
		{939DE2FA-7F49-468A-81BA-3B149972574E}.Debug|Any CPU.Build.0 = Debug|Any CPU
		{939DE2FA-7F49-468A-81BA-3B149972574E}.Debug|Mixed Platforms.ActiveCfg = Debug|Any CPU
		{939DE2FA-7F49-468A-81BA-3B149972574E}.Debug|Mixed Platforms.Build.0 = Debug|Any CPU
		{939DE2FA-7F49-468A-81BA-3B149972574E}.Debug|x64.ActiveCfg = Debug|Any CPU
		{939DE2FA-7F49-468A-81BA-3B149972574E}.Debug|x86.ActiveCfg = Debug|Any CPU
		{939DE2FA-7F49-468A-81BA-3B149972574E}.Release|Any CPU.ActiveCfg = Release|Any CPU
		{939DE2FA-7F49-468A-81BA-3B149972574E}.Release|Any CPU.Build.0 = Release|Any CPU
		{939DE2FA-7F49-468A-81BA-3B149972574E}.Release|Mixed Platforms.ActiveCfg = Release|Any CPU
		{939DE2FA-7F49-468A-81BA-3B149972574E}.Release|Mixed Platforms.Build.0 = Release|Any CPU
		{939DE2FA-7F49-468A-81BA-3B149972574E}.Release|x64.ActiveCfg = Release|Any CPU
		{939DE2FA-7F49-468A-81BA-3B149972574E}.Release|x86.ActiveCfg = Release|Any CPU
		{B2DD90AD-939C-434D-A2D1-989BCBD87BBF}.Debug|Any CPU.ActiveCfg = Debug|Any CPU
		{B2DD90AD-939C-434D-A2D1-989BCBD87BBF}.Debug|Any CPU.Build.0 = Debug|Any CPU
		{B2DD90AD-939C-434D-A2D1-989BCBD87BBF}.Debug|Mixed Platforms.ActiveCfg = Debug|Any CPU
		{B2DD90AD-939C-434D-A2D1-989BCBD87BBF}.Debug|Mixed Platforms.Build.0 = Debug|Any CPU
		{B2DD90AD-939C-434D-A2D1-989BCBD87BBF}.Debug|x64.ActiveCfg = Debug|Any CPU
		{B2DD90AD-939C-434D-A2D1-989BCBD87BBF}.Debug|x86.ActiveCfg = Debug|Any CPU
		{B2DD90AD-939C-434D-A2D1-989BCBD87BBF}.Release|Any CPU.ActiveCfg = Release|Any CPU
		{B2DD90AD-939C-434D-A2D1-989BCBD87BBF}.Release|Any CPU.Build.0 = Release|Any CPU
		{B2DD90AD-939C-434D-A2D1-989BCBD87BBF}.Release|Mixed Platforms.ActiveCfg = Release|Any CPU
		{B2DD90AD-939C-434D-A2D1-989BCBD87BBF}.Release|Mixed Platforms.Build.0 = Release|Any CPU
		{B2DD90AD-939C-434D-A2D1-989BCBD87BBF}.Release|x64.ActiveCfg = Release|Any CPU
		{B2DD90AD-939C-434D-A2D1-989BCBD87BBF}.Release|x86.ActiveCfg = Release|Any CPU
		{EC9DC892-F67C-465F-9EA3-9AB23A1A6D57}.Debug|Any CPU.ActiveCfg = Debug|Any CPU
		{EC9DC892-F67C-465F-9EA3-9AB23A1A6D57}.Debug|Any CPU.Build.0 = Debug|Any CPU
		{EC9DC892-F67C-465F-9EA3-9AB23A1A6D57}.Debug|Mixed Platforms.ActiveCfg = Debug|Any CPU
		{EC9DC892-F67C-465F-9EA3-9AB23A1A6D57}.Debug|Mixed Platforms.Build.0 = Debug|Any CPU
		{EC9DC892-F67C-465F-9EA3-9AB23A1A6D57}.Debug|x64.ActiveCfg = Debug|Any CPU
		{EC9DC892-F67C-465F-9EA3-9AB23A1A6D57}.Debug|x86.ActiveCfg = Debug|Any CPU
		{EC9DC892-F67C-465F-9EA3-9AB23A1A6D57}.Release|Any CPU.ActiveCfg = Release|Any CPU
		{EC9DC892-F67C-465F-9EA3-9AB23A1A6D57}.Release|Any CPU.Build.0 = Release|Any CPU
		{EC9DC892-F67C-465F-9EA3-9AB23A1A6D57}.Release|Mixed Platforms.ActiveCfg = Release|Any CPU
		{EC9DC892-F67C-465F-9EA3-9AB23A1A6D57}.Release|Mixed Platforms.Build.0 = Release|Any CPU
		{EC9DC892-F67C-465F-9EA3-9AB23A1A6D57}.Release|x64.ActiveCfg = Release|Any CPU
		{EC9DC892-F67C-465F-9EA3-9AB23A1A6D57}.Release|x86.ActiveCfg = Release|Any CPU
		{1D467082-7C20-4373-843F-8A2D5CDB5264}.Debug|Any CPU.ActiveCfg = Debug|Any CPU
		{1D467082-7C20-4373-843F-8A2D5CDB5264}.Debug|Any CPU.Build.0 = Debug|Any CPU
		{1D467082-7C20-4373-843F-8A2D5CDB5264}.Debug|Mixed Platforms.ActiveCfg = Debug|Any CPU
		{1D467082-7C20-4373-843F-8A2D5CDB5264}.Debug|Mixed Platforms.Build.0 = Debug|Any CPU
		{1D467082-7C20-4373-843F-8A2D5CDB5264}.Debug|x64.ActiveCfg = Debug|Any CPU
		{1D467082-7C20-4373-843F-8A2D5CDB5264}.Debug|x86.ActiveCfg = Debug|Any CPU
		{1D467082-7C20-4373-843F-8A2D5CDB5264}.Release|Any CPU.ActiveCfg = Release|Any CPU
		{1D467082-7C20-4373-843F-8A2D5CDB5264}.Release|Any CPU.Build.0 = Release|Any CPU
		{1D467082-7C20-4373-843F-8A2D5CDB5264}.Release|Mixed Platforms.ActiveCfg = Release|Any CPU
		{1D467082-7C20-4373-843F-8A2D5CDB5264}.Release|Mixed Platforms.Build.0 = Release|Any CPU
		{1D467082-7C20-4373-843F-8A2D5CDB5264}.Release|x64.ActiveCfg = Release|Any CPU
		{1D467082-7C20-4373-843F-8A2D5CDB5264}.Release|x86.ActiveCfg = Release|Any CPU
		{4CC83CAC-B235-4723-81D6-39C3BCEDC77B}.Debug|Any CPU.ActiveCfg = Debug|Any CPU
		{4CC83CAC-B235-4723-81D6-39C3BCEDC77B}.Debug|Any CPU.Build.0 = Debug|Any CPU
		{4CC83CAC-B235-4723-81D6-39C3BCEDC77B}.Debug|Mixed Platforms.ActiveCfg = Debug|Any CPU
		{4CC83CAC-B235-4723-81D6-39C3BCEDC77B}.Debug|Mixed Platforms.Build.0 = Debug|Any CPU
		{4CC83CAC-B235-4723-81D6-39C3BCEDC77B}.Debug|x64.ActiveCfg = Debug|Any CPU
		{4CC83CAC-B235-4723-81D6-39C3BCEDC77B}.Debug|x86.ActiveCfg = Debug|Any CPU
		{4CC83CAC-B235-4723-81D6-39C3BCEDC77B}.Release|Any CPU.ActiveCfg = Release|Any CPU
		{4CC83CAC-B235-4723-81D6-39C3BCEDC77B}.Release|Any CPU.Build.0 = Release|Any CPU
		{4CC83CAC-B235-4723-81D6-39C3BCEDC77B}.Release|Mixed Platforms.ActiveCfg = Release|Any CPU
		{4CC83CAC-B235-4723-81D6-39C3BCEDC77B}.Release|Mixed Platforms.Build.0 = Release|Any CPU
		{4CC83CAC-B235-4723-81D6-39C3BCEDC77B}.Release|x64.ActiveCfg = Release|Any CPU
		{4CC83CAC-B235-4723-81D6-39C3BCEDC77B}.Release|x86.ActiveCfg = Release|Any CPU
		{D6AFBF9A-96E0-4C50-BE40-41B7BD7B8330}.Debug|Any CPU.ActiveCfg = Debug|Any CPU
		{D6AFBF9A-96E0-4C50-BE40-41B7BD7B8330}.Debug|Any CPU.Build.0 = Debug|Any CPU
		{D6AFBF9A-96E0-4C50-BE40-41B7BD7B8330}.Debug|Mixed Platforms.ActiveCfg = Debug|Any CPU
		{D6AFBF9A-96E0-4C50-BE40-41B7BD7B8330}.Debug|Mixed Platforms.Build.0 = Debug|Any CPU
		{D6AFBF9A-96E0-4C50-BE40-41B7BD7B8330}.Debug|x64.ActiveCfg = Debug|Any CPU
		{D6AFBF9A-96E0-4C50-BE40-41B7BD7B8330}.Debug|x86.ActiveCfg = Debug|Any CPU
		{D6AFBF9A-96E0-4C50-BE40-41B7BD7B8330}.Release|Any CPU.ActiveCfg = Release|Any CPU
		{D6AFBF9A-96E0-4C50-BE40-41B7BD7B8330}.Release|Any CPU.Build.0 = Release|Any CPU
		{D6AFBF9A-96E0-4C50-BE40-41B7BD7B8330}.Release|Mixed Platforms.ActiveCfg = Release|Any CPU
		{D6AFBF9A-96E0-4C50-BE40-41B7BD7B8330}.Release|Mixed Platforms.Build.0 = Release|Any CPU
		{D6AFBF9A-96E0-4C50-BE40-41B7BD7B8330}.Release|x64.ActiveCfg = Release|Any CPU
		{D6AFBF9A-96E0-4C50-BE40-41B7BD7B8330}.Release|x86.ActiveCfg = Release|Any CPU
		{6ED3B647-D3E7-4A3B-AC9D-78C5D6A901DF}.Debug|Any CPU.ActiveCfg = Debug|Any CPU
		{6ED3B647-D3E7-4A3B-AC9D-78C5D6A901DF}.Debug|Any CPU.Build.0 = Debug|Any CPU
		{6ED3B647-D3E7-4A3B-AC9D-78C5D6A901DF}.Debug|Mixed Platforms.ActiveCfg = Debug|Any CPU
		{6ED3B647-D3E7-4A3B-AC9D-78C5D6A901DF}.Debug|Mixed Platforms.Build.0 = Debug|Any CPU
		{6ED3B647-D3E7-4A3B-AC9D-78C5D6A901DF}.Debug|x64.ActiveCfg = Debug|Any CPU
		{6ED3B647-D3E7-4A3B-AC9D-78C5D6A901DF}.Debug|x86.ActiveCfg = Debug|Any CPU
		{6ED3B647-D3E7-4A3B-AC9D-78C5D6A901DF}.Release|Any CPU.ActiveCfg = Release|Any CPU
		{6ED3B647-D3E7-4A3B-AC9D-78C5D6A901DF}.Release|Any CPU.Build.0 = Release|Any CPU
		{6ED3B647-D3E7-4A3B-AC9D-78C5D6A901DF}.Release|Mixed Platforms.ActiveCfg = Release|Any CPU
		{6ED3B647-D3E7-4A3B-AC9D-78C5D6A901DF}.Release|Mixed Platforms.Build.0 = Release|Any CPU
		{6ED3B647-D3E7-4A3B-AC9D-78C5D6A901DF}.Release|x64.ActiveCfg = Release|Any CPU
		{6ED3B647-D3E7-4A3B-AC9D-78C5D6A901DF}.Release|x86.ActiveCfg = Release|Any CPU
		{B652DD94-12A9-420D-8C0F-AA01A3143A46}.Debug|Any CPU.ActiveCfg = Debug|Any CPU
		{B652DD94-12A9-420D-8C0F-AA01A3143A46}.Debug|Any CPU.Build.0 = Debug|Any CPU
		{B652DD94-12A9-420D-8C0F-AA01A3143A46}.Debug|Mixed Platforms.ActiveCfg = Debug|Any CPU
		{B652DD94-12A9-420D-8C0F-AA01A3143A46}.Debug|Mixed Platforms.Build.0 = Debug|Any CPU
		{B652DD94-12A9-420D-8C0F-AA01A3143A46}.Debug|x64.ActiveCfg = Debug|Any CPU
		{B652DD94-12A9-420D-8C0F-AA01A3143A46}.Debug|x86.ActiveCfg = Debug|Any CPU
		{B652DD94-12A9-420D-8C0F-AA01A3143A46}.Release|Any CPU.ActiveCfg = Release|Any CPU
		{B652DD94-12A9-420D-8C0F-AA01A3143A46}.Release|Any CPU.Build.0 = Release|Any CPU
		{B652DD94-12A9-420D-8C0F-AA01A3143A46}.Release|Mixed Platforms.ActiveCfg = Release|Any CPU
		{B652DD94-12A9-420D-8C0F-AA01A3143A46}.Release|Mixed Platforms.Build.0 = Release|Any CPU
		{B652DD94-12A9-420D-8C0F-AA01A3143A46}.Release|x64.ActiveCfg = Release|Any CPU
		{B652DD94-12A9-420D-8C0F-AA01A3143A46}.Release|x86.ActiveCfg = Release|Any CPU
		{1ADB25C4-9475-4B7D-B016-EBBB66403215}.Debug|Any CPU.ActiveCfg = Debug|Any CPU
		{1ADB25C4-9475-4B7D-B016-EBBB66403215}.Debug|Any CPU.Build.0 = Debug|Any CPU
		{1ADB25C4-9475-4B7D-B016-EBBB66403215}.Debug|Mixed Platforms.ActiveCfg = Debug|Any CPU
		{1ADB25C4-9475-4B7D-B016-EBBB66403215}.Debug|Mixed Platforms.Build.0 = Debug|Any CPU
		{1ADB25C4-9475-4B7D-B016-EBBB66403215}.Debug|x64.ActiveCfg = Debug|Any CPU
		{1ADB25C4-9475-4B7D-B016-EBBB66403215}.Debug|x86.ActiveCfg = Debug|Any CPU
		{1ADB25C4-9475-4B7D-B016-EBBB66403215}.Release|Any CPU.ActiveCfg = Release|Any CPU
		{1ADB25C4-9475-4B7D-B016-EBBB66403215}.Release|Any CPU.Build.0 = Release|Any CPU
		{1ADB25C4-9475-4B7D-B016-EBBB66403215}.Release|Mixed Platforms.ActiveCfg = Release|Any CPU
		{1ADB25C4-9475-4B7D-B016-EBBB66403215}.Release|Mixed Platforms.Build.0 = Release|Any CPU
		{1ADB25C4-9475-4B7D-B016-EBBB66403215}.Release|x64.ActiveCfg = Release|Any CPU
		{1ADB25C4-9475-4B7D-B016-EBBB66403215}.Release|x86.ActiveCfg = Release|Any CPU
		{A52B5C01-3629-451B-A1D4-6F52A2C4C57D}.Debug|Any CPU.ActiveCfg = Debug|Any CPU
		{A52B5C01-3629-451B-A1D4-6F52A2C4C57D}.Debug|Any CPU.Build.0 = Debug|Any CPU
		{A52B5C01-3629-451B-A1D4-6F52A2C4C57D}.Debug|Mixed Platforms.ActiveCfg = Debug|Any CPU
		{A52B5C01-3629-451B-A1D4-6F52A2C4C57D}.Debug|Mixed Platforms.Build.0 = Debug|Any CPU
		{A52B5C01-3629-451B-A1D4-6F52A2C4C57D}.Debug|x64.ActiveCfg = Debug|Any CPU
		{A52B5C01-3629-451B-A1D4-6F52A2C4C57D}.Debug|x86.ActiveCfg = Debug|Any CPU
		{A52B5C01-3629-451B-A1D4-6F52A2C4C57D}.Release|Any CPU.ActiveCfg = Release|Any CPU
		{A52B5C01-3629-451B-A1D4-6F52A2C4C57D}.Release|Any CPU.Build.0 = Release|Any CPU
		{A52B5C01-3629-451B-A1D4-6F52A2C4C57D}.Release|Mixed Platforms.ActiveCfg = Release|Any CPU
		{A52B5C01-3629-451B-A1D4-6F52A2C4C57D}.Release|Mixed Platforms.Build.0 = Release|Any CPU
		{A52B5C01-3629-451B-A1D4-6F52A2C4C57D}.Release|x64.ActiveCfg = Release|Any CPU
		{A52B5C01-3629-451B-A1D4-6F52A2C4C57D}.Release|x86.ActiveCfg = Release|Any CPU
		{321BCD24-4C69-4A53-98E4-88A980A77323}.Debug|Any CPU.ActiveCfg = Debug|x86
		{321BCD24-4C69-4A53-98E4-88A980A77323}.Debug|Mixed Platforms.ActiveCfg = Debug|x86
		{321BCD24-4C69-4A53-98E4-88A980A77323}.Debug|Mixed Platforms.Build.0 = Debug|x86
		{321BCD24-4C69-4A53-98E4-88A980A77323}.Debug|x64.ActiveCfg = Debug|x86
		{321BCD24-4C69-4A53-98E4-88A980A77323}.Debug|x86.ActiveCfg = Debug|x86
		{321BCD24-4C69-4A53-98E4-88A980A77323}.Debug|x86.Build.0 = Debug|x86
		{321BCD24-4C69-4A53-98E4-88A980A77323}.Release|Any CPU.ActiveCfg = Release|x86
		{321BCD24-4C69-4A53-98E4-88A980A77323}.Release|Mixed Platforms.ActiveCfg = Release|x86
		{321BCD24-4C69-4A53-98E4-88A980A77323}.Release|Mixed Platforms.Build.0 = Release|x86
		{321BCD24-4C69-4A53-98E4-88A980A77323}.Release|x64.ActiveCfg = Release|x86
		{321BCD24-4C69-4A53-98E4-88A980A77323}.Release|x86.ActiveCfg = Release|x86
		{321BCD24-4C69-4A53-98E4-88A980A77323}.Release|x86.Build.0 = Release|x86
		{CCF8A462-2362-4A02-BAEE-5D58D5F018E4}.Debug|Any CPU.ActiveCfg = Debug|Any CPU
		{CCF8A462-2362-4A02-BAEE-5D58D5F018E4}.Debug|Any CPU.Build.0 = Debug|Any CPU
		{CCF8A462-2362-4A02-BAEE-5D58D5F018E4}.Debug|Mixed Platforms.ActiveCfg = Debug|Any CPU
		{CCF8A462-2362-4A02-BAEE-5D58D5F018E4}.Debug|Mixed Platforms.Build.0 = Debug|Any CPU
		{CCF8A462-2362-4A02-BAEE-5D58D5F018E4}.Debug|x64.ActiveCfg = Debug|Any CPU
		{CCF8A462-2362-4A02-BAEE-5D58D5F018E4}.Debug|x86.ActiveCfg = Debug|Any CPU
		{CCF8A462-2362-4A02-BAEE-5D58D5F018E4}.Release|Any CPU.ActiveCfg = Release|Any CPU
		{CCF8A462-2362-4A02-BAEE-5D58D5F018E4}.Release|Any CPU.Build.0 = Release|Any CPU
		{CCF8A462-2362-4A02-BAEE-5D58D5F018E4}.Release|Mixed Platforms.ActiveCfg = Release|Any CPU
		{CCF8A462-2362-4A02-BAEE-5D58D5F018E4}.Release|Mixed Platforms.Build.0 = Release|Any CPU
		{CCF8A462-2362-4A02-BAEE-5D58D5F018E4}.Release|x64.ActiveCfg = Release|Any CPU
		{CCF8A462-2362-4A02-BAEE-5D58D5F018E4}.Release|x86.ActiveCfg = Release|Any CPU
		{4080519D-71D5-4F40-9ED4-5AA853627E42}.Debug|Any CPU.ActiveCfg = Debug|x86
		{4080519D-71D5-4F40-9ED4-5AA853627E42}.Debug|Mixed Platforms.ActiveCfg = Debug|x86
		{4080519D-71D5-4F40-9ED4-5AA853627E42}.Debug|Mixed Platforms.Build.0 = Debug|x86
		{4080519D-71D5-4F40-9ED4-5AA853627E42}.Debug|x64.ActiveCfg = Debug|x86
		{4080519D-71D5-4F40-9ED4-5AA853627E42}.Debug|x86.ActiveCfg = Debug|x86
		{4080519D-71D5-4F40-9ED4-5AA853627E42}.Debug|x86.Build.0 = Debug|x86
		{4080519D-71D5-4F40-9ED4-5AA853627E42}.Release|Any CPU.ActiveCfg = Release|x86
		{4080519D-71D5-4F40-9ED4-5AA853627E42}.Release|Mixed Platforms.ActiveCfg = Release|x86
		{4080519D-71D5-4F40-9ED4-5AA853627E42}.Release|Mixed Platforms.Build.0 = Release|x86
		{4080519D-71D5-4F40-9ED4-5AA853627E42}.Release|x64.ActiveCfg = Release|x86
		{4080519D-71D5-4F40-9ED4-5AA853627E42}.Release|x86.ActiveCfg = Release|x86
		{4080519D-71D5-4F40-9ED4-5AA853627E42}.Release|x86.Build.0 = Release|x86
	EndGlobalSection
	GlobalSection(SolutionProperties) = preSolution
		HideSolutionNode = FALSE
	EndGlobalSection
	GlobalSection(NestedProjects) = preSolution
		{CE38881A-6DA3-42BD-A336-488761B6747E} = {DEA13E54-C50F-46F2-8DB4-95FE246E027C}
		{0C6E60FD-A7DD-491A-8309-01D373E0B07C} = {DEA13E54-C50F-46F2-8DB4-95FE246E027C}
		{939DE2FA-7F49-468A-81BA-3B149972574E} = {DEA13E54-C50F-46F2-8DB4-95FE246E027C}
		{B2DD90AD-939C-434D-A2D1-989BCBD87BBF} = {DEA13E54-C50F-46F2-8DB4-95FE246E027C}
		{1ADB25C4-9475-4B7D-B016-EBBB66403215} = {DEA13E54-C50F-46F2-8DB4-95FE246E027C}
		{A52B5C01-3629-451B-A1D4-6F52A2C4C57D} = {DEA13E54-C50F-46F2-8DB4-95FE246E027C}
		{CCF8A462-2362-4A02-BAEE-5D58D5F018E4} = {009D2900-E215-411C-9E94-06CB7156DF2F}
		{1D467082-7C20-4373-843F-8A2D5CDB5264} = {05A29E1B-AED6-4293-94DB-389518C4753F}
		{0A456FC1-AC2B-4BFE-935B-4011F8C33CA1} = {EF5CFC52-6C87-44DD-B8D9-0780242D20E2}
		{2465B86B-E61F-42ED-A499-509E7DB242E7} = {EF5CFC52-6C87-44DD-B8D9-0780242D20E2}
		{15F58DE0-C47D-4C37-A031-B686818D2A96} = {EF5CFC52-6C87-44DD-B8D9-0780242D20E2}
		{95D292F0-CDDA-40E9-B70A-CAEBA91FD70A} = {EF5CFC52-6C87-44DD-B8D9-0780242D20E2}
		{EC9DC892-F67C-465F-9EA3-9AB23A1A6D57} = {EF5CFC52-6C87-44DD-B8D9-0780242D20E2}
		{4CC83CAC-B235-4723-81D6-39C3BCEDC77B} = {EF5CFC52-6C87-44DD-B8D9-0780242D20E2}
		{D6AFBF9A-96E0-4C50-BE40-41B7BD7B8330} = {EF5CFC52-6C87-44DD-B8D9-0780242D20E2}
		{6ED3B647-D3E7-4A3B-AC9D-78C5D6A901DF} = {EF5CFC52-6C87-44DD-B8D9-0780242D20E2}
		{B652DD94-12A9-420D-8C0F-AA01A3143A46} = {EF5CFC52-6C87-44DD-B8D9-0780242D20E2}
		{321BCD24-4C69-4A53-98E4-88A980A77323} = {EF5CFC52-6C87-44DD-B8D9-0780242D20E2}
		{4080519D-71D5-4F40-9ED4-5AA853627E42} = {83A1FABA-5EF1-43D0-8D82-0ECEA532D74A}
	EndGlobalSection
EndGlobal
